{
	"name": "example",
	"version": "0.0.0",
	"lockfileVersion": 3,
	"requires": true,
	"packages": {
		"": {
			"name": "example",
			"version": "0.0.0",
			"dependencies": {
				"@node-3d/glfw": "^6.3.0",
				"@node-3d/image": "^5.1.0",
				"@node-3d/qml": "file:..",
				"@node-3d/webgl": "^5.1.0"
			},
			"engines": {
				"node": ">=24.13.0",
				"npm": ">=11.6.2"
			}
		},
		"..": {
			"name": "@node-3d/qml",
			"version": "5.0.0",
			"hasInstallScript": true,
			"license": "MIT",
			"dependencies": {
				"@node-3d/addon-tools": "^11.0.0",
				"@node-3d/deps-qmlui": "^5.0.0",
				"@node-3d/segfault": "^4.0.0"
			},
			"devDependencies": {
				"@rslib/core": "^0.21.3",
				"@types/node": "^24.1.0",
				"@typescript/native-preview": "^7.0.0-dev.20260503.1",
				"node-addon-api": "^8.3.0",
				"oxlint": "^1.65.0",
				"typescript": "^6.0.3"
			},
			"engines": {
				"node": ">=24.13.0",
				"npm": ">=11.6.2"
			}
		},
		"node_modules/@node-3d/addon-tools": {
			"version": "9.2.0",
			"resolved": "https://registry.npmjs.org/@node-3d/addon-tools/-/@node-3d/addon-tools-9.2.0.tgz",
			"integrity": "sha512-htGj72/BGrqo2PB7VkDTyTJARVMlg/dsuZZafudv0IgTgTS6ZgMzMctj9QB+vViU75wCji0hj363VhyznbA5aA==",
			"license": "MIT",
			"engines": {
				"node": ">=22.9.0",
				"npm": ">=10.8.3"
			},
			"peerDependencies": {
				"node-addon-api": "^8.3.0"
			},
			"peerDependenciesMeta": {
				"node-addon-api": {
					"optional": true
				}
			}
		},
		"node_modules/@node-3d/deps-freeimage": {
			"version": "6.1.0",
			"resolved": "https://registry.npmjs.org/@node-3d/deps-freeimage/-/@node-3d/deps-freeimage-6.1.0.tgz",
			"integrity": "sha512-VXFHeM3yZt8wR4P3t8lJ9FNwmgO8VKcUWGt3GXdOroYOybBH6dBJN7ljPBmnFOSXg3b25DXGf8LkTTlmrPoK8g==",
			"hasInstallScript": true,
			"license": "MIT",
			"dependencies": {
				"@node-3d/addon-tools": "^9.2.0"
			},
			"engines": {
				"node": ">=22.9.0",
				"npm": ">=10.8.3"
			}
		},
		"node_modules/@node-3d/deps-opengl": {
			"version": "7.1.0",
			"resolved": "https://registry.npmjs.org/@node-3d/deps-opengl/-/@node-3d/deps-opengl-7.1.0.tgz",
			"integrity": "sha512-oUkFWst5SjVhL7engFudlGqbzu1JTKlndboJlocYAq1YMedU0I9Eha2Rene6Iq81DWRMAQQDYHT650QRF1r2cA==",
			"hasInstallScript": true,
			"license": "MIT",
			"dependencies": {
				"@node-3d/addon-tools": "^9.2.0"
			},
			"engines": {
				"node": ">=22.9.0",
				"npm": ">=10.8.3"
			}
		},
		"node_modules/@node-3d/glfw": {
			"version": "6.3.0",
			"resolved": "https://registry.npmjs.org/@node-3d/glfw/-/@node-3d/glfw-6.3.0.tgz",
			"integrity": "sha512-x1znRWDNLG3Jm106blw3sIz3CptKYPydJkU4bJSBIUBZHWFT7USRdgk+AxxQ2LMyU79jtJh8OVpHlr+Z6ya5pQ==",
			"hasInstallScript": true,
			"license": "MIT",
			"dependencies": {
				"@node-3d/addon-tools": "^9.2.0",
				"@node-3d/deps-opengl": "^7.1.0",
				"@node-3d/segfault": "^3.1.0"
			},
			"engines": {
				"node": ">=22.9.0",
				"npm": ">=10.8.3"
			}
		},
		"node_modules/@node-3d/image": {
			"version": "5.1.0",
			"resolved": "https://registry.npmjs.org/@node-3d/image/-/@node-3d/image-5.1.0.tgz",
			"integrity": "sha512-xN8u3RewM3dor0hXsCGsNlj68is7JctIeTiir9YPhicqaYKqAS3u695bIK/MEyFnux2EstdvUgrHXN15XH+G2A==",
			"hasInstallScript": true,
			"license": "MIT",
			"dependencies": {
				"@node-3d/addon-tools": "^9.2.0",
				"@node-3d/deps-freeimage": "^6.1.0",
				"@node-3d/segfault": "^3.1.0"
			},
			"engines": {
				"node": ">=22.9.0",
				"npm": ">=10.8.3"
			}
		},
		"node_modules/@node-3d/qml": {
			"resolved": "..",
			"link": true
		},
		"node_modules/@node-3d/segfault": {
			"version": "3.1.0",
			"resolved": "https://registry.npmjs.org/@node-3d/segfault/-/@node-3d/segfault-3.1.0.tgz",
			"integrity": "sha512-xbIiCnzONBsGVD1qlLQGDgJ7cnChC8tPmU4gTQc2kwFqp1AkZ/ooAJ9qy3MavqgjS1Y8nR5d1E5YKYGw6H6ZGw==",
			"hasInstallScript": true,
			"license": "MIT, BSD-3-Clause, BSD-2-Clause",
			"dependencies": {
				"@node-3d/addon-tools": "^9.2.0"
			},
			"engines": {
				"node": ">=22.9.0",
				"npm": ">=10.8.3"
			}
		},
		"node_modules/@node-3d/webgl": {
			"version": "5.1.0",
			"resolved": "https://registry.npmjs.org/@node-3d/webgl/-/@node-3d/webgl-5.1.0.tgz",
			"integrity": "sha512-wi2MtO7Gu0Q6bMhd7YNTozhOP85G6NGCGbTj7FhfCgXhCnI8UMlyFAZ3GmeWoSNDwADDKu30p8USiYoAhIfxxw==",
			"hasInstallScript": true,
			"license": "MIT",
			"dependencies": {
				"@node-3d/addon-tools": "^9.2.0",
				"@node-3d/deps-opengl": "^7.1.0",
				"@node-3d/segfault": "^3.1.0"
			},
			"engines": {
				"node": ">=22.9.0",
				"npm": ">=10.8.3"
			}
		}
	}
}
